
Microsoft Visual Studio Solution File, Format Version 12.00
# Visual Studio 2013
VisualStudioVersion = 12.0.31101.0
MinimumVisualStudioVersion = 10.0.40219.1
Project("{FAE04EC0-301F-11D3-BF4B-00C04F79EFBC}") = "TugasProjut2", "TugasProjut2\TugasProjut2.csproj", "{2ED530E9-51D0-4578-A663-C74114F815F0}"
EndProject
Global
	GlobalSection(SolutionConfigurationPlatforms) = preSolution
		Debug|Any CPU = Debug|Any CPU
		Release|Any CPU = Release|Any CPU
	EndGlobalSection
	GlobalSection(ProjectConfigurationPlatforms) = postSolution
		{2ED530E9-51D0-4578-A663-C74114F815F0}.Debug|Any CPU.ActiveCfg = Debug|Any CPU
		{2ED530E9-51D0-4578-A663-C74114F815F0}.Debug|Any CPU.Build.0 = Debug|Any CPU
		{2ED530E9-51D0-4578-A663-C74114F815F0}.Release|Any CPU.ActiveCfg = Release|Any CPU
		{2ED530E9-51D0-4578-A663-C74114F815F0}.Release|Any CPU.Build.0 = Release|Any CPU
	EndGlobalSection
	GlobalSection(SolutionProperties) = preSolution
		HideSolutionNode = FALSE
	EndGlobalSection
EndGlobal
